// !$*UTF8*$!
{
	archiveVersion = 1;
	classes = {
	};
	objectVersion = 50;
	objects = {

/* Begin PBXBuildFile section */
		5AA47994251BDDD7004415DC /* SZDCommons.framework in Frameworks */ = {isa = PBXBuildFile; fileRef = 5AA4798A251BDDD7004415DC /* SZDCommons.framework */; };
		5AA47999251BDDD7004415DC /* SZDCommonsTests.swift in Sources */ = {isa = PBXBuildFile; fileRef = 5AA47998251BDDD7004415DC /* SZDCommonsTests.swift */; };
		5AA4799B251BDDD7004415DC /* SZDCommons.h in Headers */ = {isa = PBXBuildFile; fileRef = 5AA4798D251BDDD7004415DC /* SZDCommons.h */; settings = {ATTRIBUTES = (Public, ); }; };
		5AA479D3251BEB20004415DC /* Test.swift in Sources */ = {isa = PBXBuildFile; fileRef = 5AA479D2251BEB20004415DC /* Test.swift */; };
		5AA479D7251CEE02004415DC /* DateFormatter.swift in Sources */ = {isa = PBXBuildFile; fileRef = 5AA479D6251CEE02004415DC /* DateFormatter.swift */; };
		5AA479D9251CEF09004415DC /* UIAlertController.swift in Sources */ = {isa = PBXBuildFile; fileRef = 5AA479D8251CEF09004415DC /* UIAlertController.swift */; };
		5AA479DB251CEF58004415DC /* UIImage.swift in Sources */ = {isa = PBXBuildFile; fileRef = 5AA479DA251CEF58004415DC /* UIImage.swift */; };
		5AA479DD251CF000004415DC /* UIView.swift in Sources */ = {isa = PBXBuildFile; fileRef = 5AA479DC251CF000004415DC /* UIView.swift */; };
		5AA479DF251CF032004415DC /* UIColor.swift in Sources */ = {isa = PBXBuildFile; fileRef = 5AA479DE251CF032004415DC /* UIColor.swift */; };
		5AA479E1251CF071004415DC /* UIViewController.swift in Sources */ = {isa = PBXBuildFile; fileRef = 5AA479E0251CF071004415DC /* UIViewController.swift */; };
		5AA479E3251CF083004415DC /* UILabel.swift in Sources */ = {isa = PBXBuildFile; fileRef = 5AA479E2251CF083004415DC /* UILabel.swift */; };
		5AA479E6251CF0BE004415DC /* SZDTextField.swift in Sources */ = {isa = PBXBuildFile; fileRef = 5AA479E5251CF0BE004415DC /* SZDTextField.swift */; };
/* End PBXBuildFile section */

/* Begin PBXContainerItemProxy section */
		5AA47995251BDDD7004415DC /* PBXContainerItemProxy */ = {
			isa = PBXContainerItemProxy;
			containerPortal = 5AA47981251BDDD7004415DC /* Project object */;
			proxyType = 1;
			remoteGlobalIDString = 5AA47989251BDDD7004415DC;
			remoteInfo = SZDCommons;
		};
/* End PBXContainerItemProxy section */

/* Begin PBXFileReference section */
		5AA4798A251BDDD7004415DC /* SZDCommons.framework */ = {isa = PBXFileReference; explicitFileType = wrapper.framework; includeInIndex = 0; path = SZDCommons.framework; sourceTree = BUILT_PRODUCTS_DIR; };
		5AA4798D251BDDD7004415DC /* SZDCommons.h */ = {isa = PBXFileReference; lastKnownFileType = sourcecode.c.h; path = SZDCommons.h; sourceTree = "<group>"; };
		5AA4798E251BDDD7004415DC /* Info.plist */ = {isa = PBXFileReference; lastKnownFileType = text.plist.xml; path = Info.plist; sourceTree = "<group>"; };
		5AA47993251BDDD7004415DC /* SZDCommonsTests.xctest */ = {isa = PBXFileReference; explicitFileType = wrapper.cfbundle; includeInIndex = 0; path = SZDCommonsTests.xctest; sourceTree = BUILT_PRODUCTS_DIR; };
		5AA47998251BDDD7004415DC /* SZDCommonsTests.swift */ = {isa = PBXFileReference; lastKnownFileType = sourcecode.swift; path = SZDCommonsTests.swift; sourceTree = "<group>"; };
		5AA4799A251BDDD7004415DC /* Info.plist */ = {isa = PBXFileReference; lastKnownFileType = text.plist.xml; path = Info.plist; sourceTree = "<group>"; };
		5AA479D2251BEB20004415DC /* Test.swift */ = {isa = PBXFileReference; lastKnownFileType = sourcecode.swift; path = Test.swift; sourceTree = "<group>"; };
		5AA479D6251CEE02004415DC /* DateFormatter.swift */ = {isa = PBXFileReference; lastKnownFileType = sourcecode.swift; path = DateFormatter.swift; sourceTree = "<group>"; };
		5AA479D8251CEF09004415DC /* UIAlertController.swift */ = {isa = PBXFileReference; lastKnownFileType = sourcecode.swift; path = UIAlertController.swift; sourceTree = "<group>"; };
		5AA479DA251CEF58004415DC /* UIImage.swift */ = {isa = PBXFileReference; lastKnownFileType = sourcecode.swift; path = UIImage.swift; sourceTree = "<group>"; };
		5AA479DC251CF000004415DC /* UIView.swift */ = {isa = PBXFileReference; lastKnownFileType = sourcecode.swift; path = UIView.swift; sourceTree = "<group>"; };
		5AA479DE251CF032004415DC /* UIColor.swift */ = {isa = PBXFileReference; lastKnownFileType = sourcecode.swift; path = UIColor.swift; sourceTree = "<group>"; };
		5AA479E0251CF071004415DC /* UIViewController.swift */ = {isa = PBXFileReference; lastKnownFileType = sourcecode.swift; path = UIViewController.swift; sourceTree = "<group>"; };
		5AA479E2251CF083004415DC /* UILabel.swift */ = {isa = PBXFileReference; lastKnownFileType = sourcecode.swift; path = UILabel.swift; sourceTree = "<group>"; };
		5AA479E5251CF0BE004415DC /* SZDTextField.swift */ = {isa = PBXFileReference; lastKnownFileType = sourcecode.swift; path = SZDTextField.swift; sourceTree = "<group>"; };
/* End PBXFileReference section */

/* Begin PBXFrameworksBuildPhase section */
		5AA47987251BDDD7004415DC /* Frameworks */ = {
			isa = PBXFrameworksBuildPhase;
			buildActionMask = 2147483647;
			files = (
			);
			runOnlyForDeploymentPostprocessing = 0;
		};
		5AA47990251BDDD7004415DC /* Frameworks */ = {
			isa = PBXFrameworksBuildPhase;
			buildActionMask = 2147483647;
			files = (
				5AA47994251BDDD7004415DC /* SZDCommons.framework in Frameworks */,
			);
			runOnlyForDeploymentPostprocessing = 0;
		};
/* End PBXFrameworksBuildPhase section */

/* Begin PBXGroup section */
		5AA47980251BDDD7004415DC = {
			isa = PBXGroup;
			children = (
				5AA4798C251BDDD7004415DC /* SZDCommons */,
				5AA47997251BDDD7004415DC /* SZDCommonsTests */,
				5AA4798B251BDDD7004415DC /* Products */,
			);
			sourceTree = "<group>";
		};
		5AA4798B251BDDD7004415DC /* Products */ = {
			isa = PBXGroup;
			children = (
				5AA4798A251BDDD7004415DC /* SZDCommons.framework */,
				5AA47993251BDDD7004415DC /* SZDCommonsTests.xctest */,
			);
			name = Products;
			sourceTree = "<group>";
		};
		5AA4798C251BDDD7004415DC /* SZDCommons */ = {
			isa = PBXGroup;
			children = (
				5AA479E4251CF0B1004415DC /* ComponentsUI */,
				5AA479D5251CEDC5004415DC /* ExtensionsFoundation */,
				5AA479D4251CEDB9004415DC /* ExtensionsUI */,
				5AA4798D251BDDD7004415DC /* SZDCommons.h */,
				5AA4798E251BDDD7004415DC /* Info.plist */,
				5AA479D2251BEB20004415DC /* Test.swift */,
			);
			path = SZDCommons;
			sourceTree = "<group>";
		};
		5AA47997251BDDD7004415DC /* SZDCommonsTests */ = {
			isa = PBXGroup;
			children = (
				5AA47998251BDDD7004415DC /* SZDCommonsTests.swift */,
				5AA4799A251BDDD7004415DC /* Info.plist */,
			);
			path = SZDCommonsTests;
			sourceTree = "<group>";
		};
		5AA479D4251CEDB9004415DC /* ExtensionsUI */ = {
			isa = PBXGroup;
			children = (
				5AA479D8251CEF09004415DC /* UIAlertController.swift */,
				5AA479DA251CEF58004415DC /* UIImage.swift */,
				5AA479DC251CF000004415DC /* UIView.swift */,
				5AA479DE251CF032004415DC /* UIColor.swift */,
				5AA479E0251CF071004415DC /* UIViewController.swift */,
				5AA479E2251CF083004415DC /* UILabel.swift */,
			);
			path = ExtensionsUI;
			sourceTree = "<group>";
		};
		5AA479D5251CEDC5004415DC /* ExtensionsFoundation */ = {
			isa = PBXGroup;
			children = (
				5AA479D6251CEE02004415DC /* DateFormatter.swift */,
			);
			path = ExtensionsFoundation;
			sourceTree = "<group>";
		};
		5AA479E4251CF0B1004415DC /* ComponentsUI */ = {
			isa = PBXGroup;
			children = (
				5AA479E5251CF0BE004415DC /* SZDTextField.swift */,
			);
			path = ComponentsUI;
			sourceTree = "<group>";
		};
/* End PBXGroup section */

/* Begin PBXHeadersBuildPhase section */
		5AA47985251BDDD7004415DC /* Headers */ = {
			isa = PBXHeadersBuildPhase;
			buildActionMask = 2147483647;
			files = (
				5AA4799B251BDDD7004415DC /* SZDCommons.h in Headers */,
			);
			runOnlyForDeploymentPostprocessing = 0;
		};
/* End PBXHeadersBuildPhase section */

/* Begin PBXNativeTarget section */
		5AA47989251BDDD7004415DC /* SZDCommons */ = {
			isa = PBXNativeTarget;
			buildConfigurationList = 5AA4799E251BDDD7004415DC /* Build configuration list for PBXNativeTarget "SZDCommons" */;
			buildPhases = (
				5AA47985251BDDD7004415DC /* Headers */,
				5AA47986251BDDD7004415DC /* Sources */,
				5AA47987251BDDD7004415DC /* Frameworks */,
				5AA47988251BDDD7004415DC /* Resources */,
			);
			buildRules = (
			);
			dependencies = (
			);
			name = SZDCommons;
			productName = SZDCommons;
			productReference = 5AA4798A251BDDD7004415DC /* SZDCommons.framework */;
			productType = "com.apple.product-type.framework";
		};
		5AA47992251BDDD7004415DC /* SZDCommonsTests */ = {
			isa = PBXNativeTarget;
			buildConfigurationList = 5AA479A1251BDDD7004415DC /* Build configuration list for PBXNativeTarget "SZDCommonsTests" */;
			buildPhases = (
				5AA4798F251BDDD7004415DC /* Sources */,
				5AA47990251BDDD7004415DC /* Frameworks */,
				5AA47991251BDDD7004415DC /* Resources */,
			);
			buildRules = (
			);
			dependencies = (
				5AA47996251BDDD7004415DC /* PBXTargetDependency */,
			);
			name = SZDCommonsTests;
			productName = SZDCommonsTests;
			productReference = 5AA47993251BDDD7004415DC /* SZDCommonsTests.xctest */;
			productType = "com.apple.product-type.bundle.unit-test";
		};
/* End PBXNativeTarget section */

/* Begin PBXProject section */
		5AA47981251BDDD7004415DC /* Project object */ = {
			isa = PBXProject;
			attributes = {
				LastSwiftUpdateCheck = 1130;
				LastUpgradeCheck = 1130;
				ORGANIZATIONNAME = sandzapps;
				TargetAttributes = {
					5AA47989251BDDD7004415DC = {
						CreatedOnToolsVersion = 11.3.1;
						LastSwiftMigration = 1130;
					};
					5AA47992251BDDD7004415DC = {
						CreatedOnToolsVersion = 11.3.1;
					};
				};
			};
			buildConfigurationList = 5AA47984251BDDD7004415DC /* Build configuration list for PBXProject "SZDCommons" */;
			compatibilityVersion = "Xcode 9.3";
			developmentRegion = en;
			hasScannedForEncodings = 0;
			knownRegions = (
				en,
				Base,
			);
			mainGroup = 5AA47980251BDDD7004415DC;
			productRefGroup = 5AA4798B251BDDD7004415DC /* Products */;
			projectDirPath = "";
			projectRoot = "";
			targets = (
				5AA47989251BDDD7004415DC /* SZDCommons */,
				5AA47992251BDDD7004415DC /* SZDCommonsTests */,
			);
		};
/* End PBXProject section */

/* Begin PBXResourcesBuildPhase section */
		5AA47988251BDDD7004415DC /* Resources */ = {
			isa = PBXResourcesBuildPhase;
			buildActionMask = 2147483647;
			files = (
			);
			runOnlyForDeploymentPostprocessing = 0;
		};
		5AA47991251BDDD7004415DC /* Resources */ = {
			isa = PBXResourcesBuildPhase;
			buildActionMask = 2147483647;
			files = (
			);
			runOnlyForDeploymentPostprocessing = 0;
		};
/* End PBXResourcesBuildPhase section */

/* Begin PBXSourcesBuildPhase section */
		5AA47986251BDDD7004415DC /* Sources */ = {
			isa = PBXSourcesBuildPhase;
			buildActionMask = 2147483647;
			files = (
				5AA479E1251CF071004415DC /* UIViewController.swift in Sources */,
				5AA479DD251CF000004415DC /* UIView.swift in Sources */,
				5AA479DF251CF032004415DC /* UIColor.swift in Sources */,
				5AA479D7251CEE02004415DC /* DateFormatter.swift in Sources */,
				5AA479DB251CEF58004415DC /* UIImage.swift in Sources */,
				5AA479D9251CEF09004415DC /* UIAlertController.swift in Sources */,
				5AA479E3251CF083004415DC /* UILabel.swift in Sources */,
				5AA479E6251CF0BE004415DC /* SZDTextField.swift in Sources */,
				5AA479D3251BEB20004415DC /* Test.swift in Sources */,
			);
			runOnlyForDeploymentPostprocessing = 0;
		};
		5AA4798F251BDDD7004415DC /* Sources */ = {
			isa = PBXSourcesBuildPhase;
			buildActionMask = 2147483647;
			files = (
				5AA47999251BDDD7004415DC /* SZDCommonsTests.swift in Sources */,
			);
			runOnlyForDeploymentPostprocessing = 0;
		};
/* End PBXSourcesBuildPhase section */

/* Begin PBXTargetDependency section */
		5AA47996251BDDD7004415DC /* PBXTargetDependency */ = {
			isa = PBXTargetDependency;
			target = 5AA47989251BDDD7004415DC /* SZDCommons */;
			targetProxy = 5AA47995251BDDD7004415DC /* PBXContainerItemProxy */;
		};
/* End PBXTargetDependency section */

/* Begin XCBuildConfiguration section */
		5AA4799C251BDDD7004415DC /* Debug */ = {
			isa = XCBuildConfiguration;
			buildSettings = {
				ALWAYS_SEARCH_USER_PATHS = NO;
				CLANG_ANALYZER_NONNULL = YES;
				CLANG_ANALYZER_NUMBER_OBJECT_CONVERSION = YES_AGGRESSIVE;
				CLANG_CXX_LANGUAGE_STANDARD = "gnu++14";
				CLANG_CXX_LIBRARY = "libc++";
				CLANG_ENABLE_MODULES = YES;
				CLANG_ENABLE_OBJC_ARC = YES;
				CLANG_ENABLE_OBJC_WEAK = YES;
				CLANG_WARN_BLOCK_CAPTURE_AUTORELEASING = YES;
				CLANG_WARN_BOOL_CONVERSION = YES;
				CLANG_WARN_COMMA = YES;
				CLANG_WARN_CONSTANT_CONVERSION = YES;
				CLANG_WARN_DEPRECATED_OBJC_IMPLEMENTATIONS = YES;
				CLANG_WARN_DIRECT_OBJC_ISA_USAGE = YES_ERROR;
				CLANG_WARN_DOCUMENTATION_COMMENTS = YES;
				CLANG_WARN_EMPTY_BODY = YES;
				CLANG_WARN_ENUM_CONVERSION = YES;
				CLANG_WARN_INFINITE_RECURSION = YES;
				CLANG_WARN_INT_CONVERSION = YES;
				CLANG_WARN_NON_LITERAL_NULL_CONVERSION = YES;
				CLANG_WARN_OBJC_IMPLICIT_RETAIN_SELF = YES;
				CLANG_WARN_OBJC_LITERAL_CONVERSION = YES;
				CLANG_WARN_OBJC_ROOT_CLASS = YES_ERROR;
				CLANG_WARN_RANGE_LOOP_ANALYSIS = YES;
				CLANG_WARN_STRICT_PROTOTYPES = YES;
				CLANG_WARN_SUSPICIOUS_MOVE = YES;
				CLANG_WARN_UNGUARDED_AVAILABILITY = YES_AGGRESSIVE;
				CLANG_WARN_UNREACHABLE_CODE = YES;
				CLANG_WARN__DUPLICATE_METHOD_MATCH = YES;
				COPY_PHASE_STRIP = NO;
				CURRENT_PROJECT_VERSION = 1;
				DEBUG_INFORMATION_FORMAT = dwarf;
				ENABLE_STRICT_OBJC_MSGSEND = YES;
				ENABLE_TESTABILITY = YES;
				GCC_C_LANGUAGE_STANDARD = gnu11;
				GCC_DYNAMIC_NO_PIC = NO;
				GCC_NO_COMMON_BLOCKS = YES;
				GCC_OPTIMIZATION_LEVEL = 0;
				GCC_PREPROCESSOR_DEFINITIONS = (
					"DEBUG=1",
					"$(inherited)",
				);
				GCC_WARN_64_TO_32_BIT_CONVERSION = YES;
				GCC_WARN_ABOUT_RETURN_TYPE = YES_ERROR;
				GCC_WARN_UNDECLARED_SELECTOR = YES;
				GCC_WARN_UNINITIALIZED_AUTOS = YES_AGGRESSIVE;
				GCC_WARN_UNUSED_FUNCTION = YES;
				GCC_WARN_UNUSED_VARIABLE = YES;
				IPHONEOS_DEPLOYMENT_TARGET = 13.2;
				MTL_ENABLE_DEBUG_INFO = INCLUDE_SOURCE;
				MTL_FAST_MATH = YES;
				ONLY_ACTIVE_ARCH = YES;
				SDKROOT = iphoneos;
				SWIFT_ACTIVE_COMPILATION_CONDITIONS = DEBUG;
				SWIFT_OPTIMIZATION_LEVEL = "-Onone";
				VERSIONING_SYSTEM = "apple-generic";
				VERSION_INFO_PREFIX = "";
			};
			name = Debug;
		};
		5AA4799D251BDDD7004415DC /* Release */ = {
			isa = XCBuildConfiguration;
			buildSettings = {
				ALWAYS_SEARCH_USER_PATHS = NO;
				CLANG_ANALYZER_NONNULL = YES;
				CLANG_ANALYZER_NUMBER_OBJECT_CONVERSION = YES_AGGRESSIVE;
				CLANG_CXX_LANGUAGE_STANDARD = "gnu++14";
				CLANG_CXX_LIBRARY = "libc++";
				CLANG_ENABLE_MODULES = YES;
				CLANG_ENABLE_OBJC_ARC = YES;
				CLANG_ENABLE_OBJC_WEAK = YES;
				CLANG_WARN_BLOCK_CAPTURE_AUTORELEASING = YES;
				CLANG_WARN_BOOL_CONVERSION = YES;
				CLANG_WARN_COMMA = YES;
				CLANG_WARN_CONSTANT_CONVERSION = YES;
				CLANG_WARN_DEPRECATED_OBJC_IMPLEMENTATIONS = YES;
				CLANG_WARN_DIRECT_OBJC_ISA_USAGE = YES_ERROR;
				CLANG_WARN_DOCUMENTATION_COMMENTS = YES;
				CLANG_WARN_EMPTY_BODY = YES;
				CLANG_WARN_ENUM_CONVERSION = YES;
				CLANG_WARN_INFINITE_RECURSION = YES;
				CLANG_WARN_INT_CONVERSION = YES;
				CLANG_WARN_NON_LITERAL_NULL_CONVERSION = YES;
				CLANG_WARN_OBJC_IMPLICIT_RETAIN_SELF = YES;
				CLANG_WARN_OBJC_LITERAL_CONVERSION = YES;
				CLANG_WARN_OBJC_ROOT_CLASS = YES_ERROR;
				CLANG_WARN_RANGE_LOOP_ANALYSIS = YES;
				CLANG_WARN_STRICT_PROTOTYPES = YES;
				CLANG_WARN_SUSPICIOUS_MOVE = YES;
				CLANG_WARN_UNGUARDED_AVAILABILITY = YES_AGGRESSIVE;
				CLANG_WARN_UNREACHABLE_CODE = YES;
				CLANG_WARN__DUPLICATE_METHOD_MATCH = YES;
				COPY_PHASE_STRIP = NO;
				CURRENT_PROJECT_VERSION = 1;
				DEBUG_INFORMATION_FORMAT = "dwarf-with-dsym";
				ENABLE_NS_ASSERTIONS = NO;
				ENABLE_STRICT_OBJC_MSGSEND = YES;
				GCC_C_LANGUAGE_STANDARD = gnu11;
				GCC_NO_COMMON_BLOCKS = YES;
				GCC_WARN_64_TO_32_BIT_CONVERSION = YES;
				GCC_WARN_ABOUT_RETURN_TYPE = YES_ERROR;
				GCC_WARN_UNDECLARED_SELECTOR = YES;
				GCC_WARN_UNINITIALIZED_AUTOS = YES_AGGRESSIVE;
				GCC_WARN_UNUSED_FUNCTION = YES;
				GCC_WARN_UNUSED_VARIABLE = YES;
				IPHONEOS_DEPLOYMENT_TARGET = 13.2;
				MTL_ENABLE_DEBUG_INFO = NO;
				MTL_FAST_MATH = YES;
				SDKROOT = iphoneos;
				SWIFT_COMPILATION_MODE = wholemodule;
				SWIFT_OPTIMIZATION_LEVEL = "-O";
				VALIDATE_PRODUCT = YES;
				VERSIONING_SYSTEM = "apple-generic";
				VERSION_INFO_PREFIX = "";
			};
			name = Release;
		};
		5AA4799F251BDDD7004415DC /* Debug */ = {
			isa = XCBuildConfiguration;
			buildSettings = {
				CLANG_ENABLE_MODULES = YES;
				CODE_SIGN_STYLE = Automatic;
				DEFINES_MODULE = YES;
				DEVELOPMENT_TEAM = FRXK2SYN9X;
				DYLIB_COMPATIBILITY_VERSION = 1;
				DYLIB_CURRENT_VERSION = 1;
				DYLIB_INSTALL_NAME_BASE = "@rpath";
				INFOPLIST_FILE = SZDCommons/Info.plist;
				INSTALL_PATH = "$(LOCAL_LIBRARY_DIR)/Frameworks";
				IPHONEOS_DEPLOYMENT_TARGET = 12.0;
				LD_RUNPATH_SEARCH_PATHS = (
					"$(inherited)",
					"@executable_path/Frameworks",
					"@loader_path/Frameworks",
				);
				PRODUCT_BUNDLE_IDENTIFIER = com.sandzapps.SZDCommons;
				PRODUCT_NAME = "$(TARGET_NAME:c99extidentifier)";
				SKIP_INSTALL = YES;
				SWIFT_OPTIMIZATION_LEVEL = "-Onone";
				SWIFT_VERSION = 5.0;
				TARGETED_DEVICE_FAMILY = "1,2";
			};
			name = Debug;
		};
		5AA479A0251BDDD7004415DC /* Release */ = {
			isa = XCBuildConfiguration;
			buildSettings = {
				CLANG_ENABLE_MODULES = YES;
				CODE_SIGN_STYLE = Automatic;
				DEFINES_MODULE = YES;
				DEVELOPMENT_TEAM = FRXK2SYN9X;
				DYLIB_COMPATIBILITY_VERSION = 1;
				DYLIB_CURRENT_VERSION = 1;
				DYLIB_INSTALL_NAME_BASE = "@rpath";
				INFOPLIST_FILE = SZDCommons/Info.plist;
				INSTALL_PATH = "$(LOCAL_LIBRARY_DIR)/Frameworks";
				IPHONEOS_DEPLOYMENT_TARGET = 12.0;
				LD_RUNPATH_SEARCH_PATHS = (
					"$(inherited)",
					"@executable_path/Frameworks",
					"@loader_path/Frameworks",
				);
				PRODUCT_BUNDLE_IDENTIFIER = com.sandzapps.SZDCommons;
				PRODUCT_NAME = "$(TARGET_NAME:c99extidentifier)";
				SKIP_INSTALL = YES;
				SWIFT_VERSION = 5.0;
				TARGETED_DEVICE_FAMILY = "1,2";
			};
			name = Release;
		};
		5AA479A2251BDDD7004415DC /* Debug */ = {
			isa = XCBuildConfiguration;
			buildSettings = {
				ALWAYS_EMBED_SWIFT_STANDARD_LIBRARIES = YES;
				CODE_SIGN_STYLE = Automatic;
				DEVELOPMENT_TEAM = FRXK2SYN9X;
				INFOPLIST_FILE = SZDCommonsTests/Info.plist;
				LD_RUNPATH_SEARCH_PATHS = (
					"$(inherited)",
					"@executable_path/Frameworks",
					"@loader_path/Frameworks",
				);
				PRODUCT_BUNDLE_IDENTIFIER = com.sandzapps.SZDCommonsTests;
				PRODUCT_NAME = "$(TARGET_NAME)";
				SWIFT_VERSION = 5.0;
				TARGETED_DEVICE_FAMILY = "1,2";
			};
			name = Debug;
		};
		5AA479A3251BDDD7004415DC /* Release */ = {
			isa = XCBuildConfiguration;
			buildSettings = {
				ALWAYS_EMBED_SWIFT_STANDARD_LIBRARIES = YES;
				CODE_SIGN_STYLE = Automatic;
				DEVELOPMENT_TEAM = FRXK2SYN9X;
				INFOPLIST_FILE = SZDCommonsTests/Info.plist;
				LD_RUNPATH_SEARCH_PATHS = (
					"$(inherited)",
					"@executable_path/Frameworks",
					"@loader_path/Frameworks",
				);
				PRODUCT_BUNDLE_IDENTIFIER = com.sandzapps.SZDCommonsTests;
				PRODUCT_NAME = "$(TARGET_NAME)";
				SWIFT_VERSION = 5.0;
				TARGETED_DEVICE_FAMILY = "1,2";
			};
			name = Release;
		};
/* End XCBuildConfiguration section */

/* Begin XCConfigurationList section */
		5AA47984251BDDD7004415DC /* Build configuration list for PBXProject "SZDCommons" */ = {
			isa = XCConfigurationList;
			buildConfigurations = (
				5AA4799C251BDDD7004415DC /* Debug */,
				5AA4799D251BDDD7004415DC /* Release */,
			);
			defaultConfigurationIsVisible = 0;
			defaultConfigurationName = Release;
		};
		5AA4799E251BDDD7004415DC /* Build configuration list for PBXNativeTarget "SZDCommons" */ = {
			isa = XCConfigurationList;
			buildConfigurations = (
				5AA4799F251BDDD7004415DC /* Debug */,
				5AA479A0251BDDD7004415DC /* Release */,
			);
			defaultConfigurationIsVisible = 0;
			defaultConfigurationName = Release;
		};
		5AA479A1251BDDD7004415DC /* Build configuration list for PBXNativeTarget "SZDCommonsTests" */ = {
			isa = XCConfigurationList;
			buildConfigurations = (
				5AA479A2251BDDD7004415DC /* Debug */,
				5AA479A3251BDDD7004415DC /* Release */,
			);
			defaultConfigurationIsVisible = 0;
			defaultConfigurationName = Release;
		};
/* End XCConfigurationList section */
	};
	rootObject = 5AA47981251BDDD7004415DC /* Project object */;
}
